{
  "name": "ajs-test-package",
  "version": "1.0.0",
  "lockfileVersion": 2,
  "requires": true,
  "packages": {
    "": {
      "name": "ajs-test-package",
      "version": "1.0.0",
      "license": "ISC",
      "dependencies": {
        "@nmovchanskaya/ajs-homeworks-platforms": "^1.0.0"
      }
    },
    "node_modules/@nmovchanskaya/ajs-homeworks-platforms": {
      "version": "1.0.0",
      "resolved": "https://npm.pkg.github.com/download/@nmovchanskaya/ajs-homeworks-platforms/1.0.0/08aa2c6d76be48501587d654c6544704097fe543",
      "integrity": "sha512-KFg+vJbtsrRl7o8VMbtIhpRqsD+pL3pWeOhWBYsPV9efzivZCQ8RtUDW/G0uIbhh9tTKJSFssDjbcou5xm2Nuw==",
      "license": "ISC"
    }
  },
  "dependencies": {
    "@nmovchanskaya/ajs-homeworks-platforms": {
      "version": "1.0.0",
      "resolved": "https://npm.pkg.github.com/download/@nmovchanskaya/ajs-homeworks-platforms/1.0.0/08aa2c6d76be48501587d654c6544704097fe543",
      "integrity": "sha512-KFg+vJbtsrRl7o8VMbtIhpRqsD+pL3pWeOhWBYsPV9efzivZCQ8RtUDW/G0uIbhh9tTKJSFssDjbcou5xm2Nuw=="
    }
  }
}
